
Microsoft Visual Studio Solution File, Format Version 12.00
# Visual Studio Version 16
VisualStudioVersion = 16.0.28803.202
MinimumVisualStudioVersion = 10.0.40219.1
Project("{FAE04EC0-301F-11D3-BF4B-00C04F79EFBC}") = "MOD1_Lab1", "MOD1_Lab1\MOD1_Lab1.csproj", "{8CB6C3B6-DB9D-47AC-8247-D1BE46C6EE5F}"
EndProject
Global
	GlobalSection(SolutionConfigurationPlatforms) = preSolution
		Debug|Any CPU = Debug|Any CPU
		Release|Any CPU = Release|Any CPU
	EndGlobalSection
	GlobalSection(ProjectConfigurationPlatforms) = postSolution
		{8CB6C3B6-DB9D-47AC-8247-D1BE46C6EE5F}.Debug|Any CPU.ActiveCfg = Debug|Any CPU
		{8CB6C3B6-DB9D-47AC-8247-D1BE46C6EE5F}.Debug|Any CPU.Build.0 = Debug|Any CPU
		{8CB6C3B6-DB9D-47AC-8247-D1BE46C6EE5F}.Release|Any CPU.ActiveCfg = Release|Any CPU
		{8CB6C3B6-DB9D-47AC-8247-D1BE46C6EE5F}.Release|Any CPU.Build.0 = Release|Any CPU
	EndGlobalSection
	GlobalSection(SolutionProperties) = preSolution
		HideSolutionNode = FALSE
	EndGlobalSection
	GlobalSection(ExtensibilityGlobals) = postSolution
		SolutionGuid = {140E2766-A04B-4966-B52D-63AFBABF2D03}
	EndGlobalSection
EndGlobal
